
Microsoft Visual Studio Solution File, Format Version 12.00
# Visual Studio 14
VisualStudioVersion = 14.0.25420.1
MinimumVisualStudioVersion = 10.0.40219.1
Project("{a866a211-3ced-4c64-ada3-d4c91da0283f}") = "DebugConsole", "DebugConsole\DebugConsole.csproj", "{51011412-b0b4-4a99-aae6-70f1c2993afe}"
EndProject
Global
	GlobalSection(SolutionConfigurationPlatforms) = preSolution
		Debug|Any CPU = Debug|Any CPU
		Release|Any CPU = Release|Any CPU
	EndGlobalSection
	GlobalSection(ProjectConfigurationPlatforms) = postSolution
		{51011412-b0b4-4a99-aae6-70f1c2993afe}.Debug|Any CPU.ActiveCfg = Debug|Any CPU
		{51011412-b0b4-4a99-aae6-70f1c2993afe}.Debug|Any CPU.Build.0 = Debug|Any CPU
		{51011412-b0b4-4a99-aae6-70f1c2993afe}.Release|Any CPU.ActiveCfg = Release|Any CPU
		{51011412-b0b4-4a99-aae6-70f1c2993afe}.Release|Any CPU.Build.0 = Release|Any CPU
	EndGlobalSection
	GlobalSection(SolutionProperties) = preSolution
		HideSolutionNode = FALSE
	EndGlobalSection
EndGlobal
